{
  "requires": true,
  "lockfileVersion": 1,
  "dependencies": {
    "tree": {
      "version": "0.1.3",
      "resolved": "https://registry.npmjs.org/tree/-/tree-0.1.3.tgz",
      "integrity": "sha512-Ivzs8BGRW8kWt7V6hD2yJC0028eUkaLWfPcbhcA/1jitHQJReZRQ2x8zqf4MtU+cNNkFYnadqg7AWzMMvrW9vA==",
      "requires": {
        "underscore": "^1.13.4"
      }
    },
    "underscore": {
      "version": "1.13.4",
      "resolved": "https://registry.npmjs.org/underscore/-/underscore-1.13.4.tgz",
      "integrity": "sha512-BQFnUDuAQ4Yf/cYY5LNrK9NCJFKriaRbD9uR1fTeXnBeoa97W0i41qkZfGO9pSo8I5KzjAcSY2XYtdf0oKd7KQ=="
    }
  }
}
